// !$*UTF8*$!
{
	archiveVersion = 1;
	classes = {
	};
	objectVersion = 56;
	objects = {

/* Begin PBXBuildFile section */
		314770B22B8F138A00938729 /* Path.swift in Sources */ = {isa = PBXBuildFile; fileRef = 314770B12B8F138A00938729 /* Path.swift */; };
		314770B42B8F138F00938729 /* PathType.swift in Sources */ = {isa = PBXBuildFile; fileRef = 314770B32B8F138F00938729 /* PathType.swift */; };
		314770B62B8F14BD00938729 /* MemoView.swift in Sources */ = {isa = PBXBuildFile; fileRef = 314770B52B8F14BD00938729 /* MemoView.swift */; };
		314770B82B8F14C500938729 /* TodoView.swift in Sources */ = {isa = PBXBuildFile; fileRef = 314770B72B8F14C500938729 /* TodoView.swift */; };
		314770BA2B8F14CC00938729 /* HomeView.swift in Sources */ = {isa = PBXBuildFile; fileRef = 314770B92B8F14CC00938729 /* HomeView.swift */; };
		316F9D822B8C78840096D77E /* SwiftUI_TestCodeApp.swift in Sources */ = {isa = PBXBuildFile; fileRef = 316F9D812B8C78840096D77E /* SwiftUI_TestCodeApp.swift */; };
		316F9D862B8C78860096D77E /* Assets.xcassets in Resources */ = {isa = PBXBuildFile; fileRef = 316F9D852B8C78860096D77E /* Assets.xcassets */; };
		316F9D892B8C78860096D77E /* Preview Assets.xcassets in Resources */ = {isa = PBXBuildFile; fileRef = 316F9D882B8C78860096D77E /* Preview Assets.xcassets */; };
		316F9D8E2B8C78860096D77E /* SwiftUI_TestCode.xcdatamodeld in Sources */ = {isa = PBXBuildFile; fileRef = 316F9D8C2B8C78860096D77E /* SwiftUI_TestCode.xcdatamodeld */; };
		316F9D982B8C78860096D77E /* SwiftUI_TestCodeTests.swift in Sources */ = {isa = PBXBuildFile; fileRef = 316F9D972B8C78860096D77E /* SwiftUI_TestCodeTests.swift */; };
		316F9DA22B8C78860096D77E /* SwiftUI_TestCodeUITests.swift in Sources */ = {isa = PBXBuildFile; fileRef = 316F9DA12B8C78860096D77E /* SwiftUI_TestCodeUITests.swift */; };
		316F9DA42B8C78860096D77E /* SwiftUI_TestCodeUITestsLaunchTests.swift in Sources */ = {isa = PBXBuildFile; fileRef = 316F9DA32B8C78860096D77E /* SwiftUI_TestCodeUITestsLaunchTests.swift */; };
		316F9DB82B8CB6630096D77E /* LaunchScreen.storyboard in Resources */ = {isa = PBXBuildFile; fileRef = 316F9DB72B8CB6630096D77E /* LaunchScreen.storyboard */; };
		316F9DC12B8CB7080096D77E /* AppDelegate.swift in Sources */ = {isa = PBXBuildFile; fileRef = 316F9DC02B8CB7080096D77E /* AppDelegate.swift */; };
		316F9DCE2B8CD3DA0096D77E /* Color+Ex.swift in Sources */ = {isa = PBXBuildFile; fileRef = 316F9DCD2B8CD3DA0096D77E /* Color+Ex.swift */; };
		316F9DD62B8CD5DC0096D77E /* OnboardingContent.swift in Sources */ = {isa = PBXBuildFile; fileRef = 316F9DD52B8CD5DC0096D77E /* OnboardingContent.swift */; };
		316F9DD82B8CD66C0096D77E /* OnboardingViewModel.swift in Sources */ = {isa = PBXBuildFile; fileRef = 316F9DD72B8CD66C0096D77E /* OnboardingViewModel.swift */; };
		316F9DDA2B8CD8670096D77E /* OnboardingView.swift in Sources */ = {isa = PBXBuildFile; fileRef = 316F9DD92B8CD8670096D77E /* OnboardingView.swift */; };
/* End PBXBuildFile section */

/* Begin PBXContainerItemProxy section */
		316F9D942B8C78860096D77E /* PBXContainerItemProxy */ = {
			isa = PBXContainerItemProxy;
			containerPortal = 316F9D762B8C78840096D77E /* Project object */;
			proxyType = 1;
			remoteGlobalIDString = 316F9D7D2B8C78840096D77E;
			remoteInfo = SwiftUI_TestCode;
		};
		316F9D9E2B8C78860096D77E /* PBXContainerItemProxy */ = {
			isa = PBXContainerItemProxy;
			containerPortal = 316F9D762B8C78840096D77E /* Project object */;
			proxyType = 1;
			remoteGlobalIDString = 316F9D7D2B8C78840096D77E;
			remoteInfo = SwiftUI_TestCode;
		};
/* End PBXContainerItemProxy section */

/* Begin PBXFileReference section */
		314770B12B8F138A00938729 /* Path.swift */ = {isa = PBXFileReference; lastKnownFileType = sourcecode.swift; path = Path.swift; sourceTree = "<group>"; };
		314770B32B8F138F00938729 /* PathType.swift */ = {isa = PBXFileReference; lastKnownFileType = sourcecode.swift; path = PathType.swift; sourceTree = "<group>"; };
		314770B52B8F14BD00938729 /* MemoView.swift */ = {isa = PBXFileReference; lastKnownFileType = sourcecode.swift; path = MemoView.swift; sourceTree = "<group>"; };
		314770B72B8F14C500938729 /* TodoView.swift */ = {isa = PBXFileReference; lastKnownFileType = sourcecode.swift; path = TodoView.swift; sourceTree = "<group>"; };
		314770B92B8F14CC00938729 /* HomeView.swift */ = {isa = PBXFileReference; lastKnownFileType = sourcecode.swift; path = HomeView.swift; sourceTree = "<group>"; };
		316F9D7E2B8C78840096D77E /* SwiftUI_TestCode.app */ = {isa = PBXFileReference; explicitFileType = wrapper.application; includeInIndex = 0; path = SwiftUI_TestCode.app; sourceTree = BUILT_PRODUCTS_DIR; };
		316F9D812B8C78840096D77E /* SwiftUI_TestCodeApp.swift */ = {isa = PBXFileReference; lastKnownFileType = sourcecode.swift; path = SwiftUI_TestCodeApp.swift; sourceTree = "<group>"; };
		316F9D852B8C78860096D77E /* Assets.xcassets */ = {isa = PBXFileReference; lastKnownFileType = folder.assetcatalog; path = Assets.xcassets; sourceTree = "<group>"; };
		316F9D882B8C78860096D77E /* Preview Assets.xcassets */ = {isa = PBXFileReference; lastKnownFileType = folder.assetcatalog; path = "Preview Assets.xcassets"; sourceTree = "<group>"; };
		316F9D8D2B8C78860096D77E /* SwiftUI_TestCode.xcdatamodel */ = {isa = PBXFileReference; lastKnownFileType = wrapper.xcdatamodel; path = SwiftUI_TestCode.xcdatamodel; sourceTree = "<group>"; };
		316F9D932B8C78860096D77E /* SwiftUI_TestCodeTests.xctest */ = {isa = PBXFileReference; explicitFileType = wrapper.cfbundle; includeInIndex = 0; path = SwiftUI_TestCodeTests.xctest; sourceTree = BUILT_PRODUCTS_DIR; };
		316F9D972B8C78860096D77E /* SwiftUI_TestCodeTests.swift */ = {isa = PBXFileReference; lastKnownFileType = sourcecode.swift; path = SwiftUI_TestCodeTests.swift; sourceTree = "<group>"; };
		316F9D9D2B8C78860096D77E /* SwiftUI_TestCodeUITests.xctest */ = {isa = PBXFileReference; explicitFileType = wrapper.cfbundle; includeInIndex = 0; path = SwiftUI_TestCodeUITests.xctest; sourceTree = BUILT_PRODUCTS_DIR; };
		316F9DA12B8C78860096D77E /* SwiftUI_TestCodeUITests.swift */ = {isa = PBXFileReference; lastKnownFileType = sourcecode.swift; path = SwiftUI_TestCodeUITests.swift; sourceTree = "<group>"; };
		316F9DA32B8C78860096D77E /* SwiftUI_TestCodeUITestsLaunchTests.swift */ = {isa = PBXFileReference; lastKnownFileType = sourcecode.swift; path = SwiftUI_TestCodeUITestsLaunchTests.swift; sourceTree = "<group>"; };
		316F9DB72B8CB6630096D77E /* LaunchScreen.storyboard */ = {isa = PBXFileReference; lastKnownFileType = file.storyboard; path = LaunchScreen.storyboard; sourceTree = "<group>"; };
		316F9DC02B8CB7080096D77E /* AppDelegate.swift */ = {isa = PBXFileReference; lastKnownFileType = sourcecode.swift; path = AppDelegate.swift; sourceTree = "<group>"; };
		316F9DCD2B8CD3DA0096D77E /* Color+Ex.swift */ = {isa = PBXFileReference; lastKnownFileType = sourcecode.swift; path = "Color+Ex.swift"; sourceTree = "<group>"; };
		316F9DD52B8CD5DC0096D77E /* OnboardingContent.swift */ = {isa = PBXFileReference; lastKnownFileType = sourcecode.swift; path = OnboardingContent.swift; sourceTree = "<group>"; };
		316F9DD72B8CD66C0096D77E /* OnboardingViewModel.swift */ = {isa = PBXFileReference; lastKnownFileType = sourcecode.swift; path = OnboardingViewModel.swift; sourceTree = "<group>"; };
		316F9DD92B8CD8670096D77E /* OnboardingView.swift */ = {isa = PBXFileReference; lastKnownFileType = sourcecode.swift; path = OnboardingView.swift; sourceTree = "<group>"; };
/* End PBXFileReference section */

/* Begin PBXFrameworksBuildPhase section */
		316F9D7B2B8C78840096D77E /* Frameworks */ = {
			isa = PBXFrameworksBuildPhase;
			buildActionMask = 2147483647;
			files = (
			);
			runOnlyForDeploymentPostprocessing = 0;
		};
		316F9D902B8C78860096D77E /* Frameworks */ = {
			isa = PBXFrameworksBuildPhase;
			buildActionMask = 2147483647;
			files = (
			);
			runOnlyForDeploymentPostprocessing = 0;
		};
		316F9D9A2B8C78860096D77E /* Frameworks */ = {
			isa = PBXFrameworksBuildPhase;
			buildActionMask = 2147483647;
			files = (
			);
			runOnlyForDeploymentPostprocessing = 0;
		};
/* End PBXFrameworksBuildPhase section */

/* Begin PBXGroup section */
		316F9D752B8C78840096D77E = {
			isa = PBXGroup;
			children = (
				316F9D802B8C78840096D77E /* SwiftUI_TestCode */,
				316F9D962B8C78860096D77E /* SwiftUI_TestCodeTests */,
				316F9DA02B8C78860096D77E /* SwiftUI_TestCodeUITests */,
				316F9D7F2B8C78840096D77E /* Products */,
			);
			sourceTree = "<group>";
		};
		316F9D7F2B8C78840096D77E /* Products */ = {
			isa = PBXGroup;
			children = (
				316F9D7E2B8C78840096D77E /* SwiftUI_TestCode.app */,
				316F9D932B8C78860096D77E /* SwiftUI_TestCodeTests.xctest */,
				316F9D9D2B8C78860096D77E /* SwiftUI_TestCodeUITests.xctest */,
			);
			name = Products;
			sourceTree = "<group>";
		};
		316F9D802B8C78840096D77E /* SwiftUI_TestCode */ = {
			isa = PBXGroup;
			children = (
				316F9DC52B8CB7980096D77E /* Model */,
				316F9DC42B8CB78F0096D77E /* Feature */,
				316F9DBD2B8CB6A80096D77E /* Component */,
				316F9DBA2B8CB67A0096D77E /* Core */,
				316F9DB92B8CB6730096D77E /* App */,
				316F9D852B8C78860096D77E /* Assets.xcassets */,
				316F9D8C2B8C78860096D77E /* SwiftUI_TestCode.xcdatamodeld */,
				316F9D872B8C78860096D77E /* Preview Content */,
			);
			path = SwiftUI_TestCode;
			sourceTree = "<group>";
		};
		316F9D872B8C78860096D77E /* Preview Content */ = {
			isa = PBXGroup;
			children = (
				316F9D882B8C78860096D77E /* Preview Assets.xcassets */,
			);
			path = "Preview Content";
			sourceTree = "<group>";
		};
		316F9D962B8C78860096D77E /* SwiftUI_TestCodeTests */ = {
			isa = PBXGroup;
			children = (
				316F9D972B8C78860096D77E /* SwiftUI_TestCodeTests.swift */,
			);
			path = SwiftUI_TestCodeTests;
			sourceTree = "<group>";
		};
		316F9DA02B8C78860096D77E /* SwiftUI_TestCodeUITests */ = {
			isa = PBXGroup;
			children = (
				316F9DA12B8C78860096D77E /* SwiftUI_TestCodeUITests.swift */,
				316F9DA32B8C78860096D77E /* SwiftUI_TestCodeUITestsLaunchTests.swift */,
			);
			path = SwiftUI_TestCodeUITests;
			sourceTree = "<group>";
		};
		316F9DB92B8CB6730096D77E /* App */ = {
			isa = PBXGroup;
			children = (
				316F9D812B8C78840096D77E /* SwiftUI_TestCodeApp.swift */,
				316F9DC02B8CB7080096D77E /* AppDelegate.swift */,
				316F9DB72B8CB6630096D77E /* LaunchScreen.storyboard */,
			);
			path = App;
			sourceTree = "<group>";
		};
		316F9DBA2B8CB67A0096D77E /* Core */ = {
			isa = PBXGroup;
			children = (
				316F9DBC2B8CB68B0096D77E /* Extension */,
				316F9DBB2B8CB6820096D77E /* Service */,
			);
			path = Core;
			sourceTree = "<group>";
		};
		316F9DBB2B8CB6820096D77E /* Service */ = {
			isa = PBXGroup;
			children = (
			);
			path = Service;
			sourceTree = "<group>";
		};
		316F9DBC2B8CB68B0096D77E /* Extension */ = {
			isa = PBXGroup;
			children = (
				316F9DCD2B8CD3DA0096D77E /* Color+Ex.swift */,
			);
			path = Extension;
			sourceTree = "<group>";
		};
		316F9DBD2B8CB6A80096D77E /* Component */ = {
			isa = PBXGroup;
			children = (
				316F9DBF2B8CB6BC0096D77E /* NavigationBar */,
				316F9DBE2B8CB6B40096D77E /* CustomView */,
			);
			path = Component;
			sourceTree = "<group>";
		};
		316F9DBE2B8CB6B40096D77E /* CustomView */ = {
			isa = PBXGroup;
			children = (
			);
			path = CustomView;
			sourceTree = "<group>";
		};
		316F9DBF2B8CB6BC0096D77E /* NavigationBar */ = {
			isa = PBXGroup;
			children = (
			);
			path = NavigationBar;
			sourceTree = "<group>";
		};
		316F9DC42B8CB78F0096D77E /* Feature */ = {
			isa = PBXGroup;
			children = (
				316F9DCA2B8CC9EF0096D77E /* Setting */,
				316F9DC92B8CC9E90096D77E /* Timer */,
				316F9DC82B8CC9D50096D77E /* VoiceRecorder */,
				316F9DC72B8CC9CD0096D77E /* Home */,
				316F9DC62B8CC9B40096D77E /* Onboarding */,
			);
			path = Feature;
			sourceTree = "<group>";
		};
		316F9DC52B8CB7980096D77E /* Model */ = {
			isa = PBXGroup;
			children = (
				316F9DD42B8CD5CB0096D77E /* Timer */,
				316F9DD32B8CD5C40096D77E /* Memo */,
				316F9DD22B8CD5BA0096D77E /* Todo */,
				316F9DD12B8CD5B00096D77E /* Home */,
				316F9DD02B8CD5A50096D77E /* Onboarding */,
				316F9DCF2B8CD59C0096D77E /* Path */,
			);
			path = Model;
			sourceTree = "<group>";
		};
		316F9DC62B8CC9B40096D77E /* Onboarding */ = {
			isa = PBXGroup;
			children = (
				316F9DD92B8CD8670096D77E /* OnboardingView.swift */,
			);
			path = Onboarding;
			sourceTree = "<group>";
		};
		316F9DC72B8CC9CD0096D77E /* Home */ = {
			isa = PBXGroup;
			children = (
				316F9DCC2B8CC9FB0096D77E /* MemoList */,
				316F9DCB2B8CC9F60096D77E /* TodoList */,
			);
			path = Home;
			sourceTree = "<group>";
		};
		316F9DC82B8CC9D50096D77E /* VoiceRecorder */ = {
			isa = PBXGroup;
			children = (
			);
			path = VoiceRecorder;
			sourceTree = "<group>";
		};
		316F9DC92B8CC9E90096D77E /* Timer */ = {
			isa = PBXGroup;
			children = (
			);
			path = Timer;
			sourceTree = "<group>";
		};
		316F9DCA2B8CC9EF0096D77E /* Setting */ = {
			isa = PBXGroup;
			children = (
			);
			path = Setting;
			sourceTree = "<group>";
		};
		316F9DCB2B8CC9F60096D77E /* TodoList */ = {
			isa = PBXGroup;
			children = (
			);
			path = TodoList;
			sourceTree = "<group>";
		};
		316F9DCC2B8CC9FB0096D77E /* MemoList */ = {
			isa = PBXGroup;
			children = (
			);
			path = MemoList;
			sourceTree = "<group>";
		};
		316F9DCF2B8CD59C0096D77E /* Path */ = {
			isa = PBXGroup;
			children = (
				314770B12B8F138A00938729 /* Path.swift */,
				314770B32B8F138F00938729 /* PathType.swift */,
			);
			path = Path;
			sourceTree = "<group>";
		};
		316F9DD02B8CD5A50096D77E /* Onboarding */ = {
			isa = PBXGroup;
			children = (
				316F9DD52B8CD5DC0096D77E /* OnboardingContent.swift */,
				316F9DD72B8CD66C0096D77E /* OnboardingViewModel.swift */,
			);
			path = Onboarding;
			sourceTree = "<group>";
		};
		316F9DD12B8CD5B00096D77E /* Home */ = {
			isa = PBXGroup;
			children = (
				314770B92B8F14CC00938729 /* HomeView.swift */,
			);
			path = Home;
			sourceTree = "<group>";
		};
		316F9DD22B8CD5BA0096D77E /* Todo */ = {
			isa = PBXGroup;
			children = (
				314770B72B8F14C500938729 /* TodoView.swift */,
			);
			path = Todo;
			sourceTree = "<group>";
		};
		316F9DD32B8CD5C40096D77E /* Memo */ = {
			isa = PBXGroup;
			children = (
				314770B52B8F14BD00938729 /* MemoView.swift */,
			);
			path = Memo;
			sourceTree = "<group>";
		};
		316F9DD42B8CD5CB0096D77E /* Timer */ = {
			isa = PBXGroup;
			children = (
			);
			path = Timer;
			sourceTree = "<group>";
		};
/* End PBXGroup section */

/* Begin PBXNativeTarget section */
		316F9D7D2B8C78840096D77E /* SwiftUI_TestCode */ = {
			isa = PBXNativeTarget;
			buildConfigurationList = 316F9DA72B8C78860096D77E /* Build configuration list for PBXNativeTarget "SwiftUI_TestCode" */;
			buildPhases = (
				316F9D7A2B8C78840096D77E /* Sources */,
				316F9D7B2B8C78840096D77E /* Frameworks */,
				316F9D7C2B8C78840096D77E /* Resources */,
			);
			buildRules = (
			);
			dependencies = (
			);
			name = SwiftUI_TestCode;
			productName = SwiftUI_TestCode;
			productReference = 316F9D7E2B8C78840096D77E /* SwiftUI_TestCode.app */;
			productType = "com.apple.product-type.application";
		};
		316F9D922B8C78860096D77E /* SwiftUI_TestCodeTests */ = {
			isa = PBXNativeTarget;
			buildConfigurationList = 316F9DAA2B8C78860096D77E /* Build configuration list for PBXNativeTarget "SwiftUI_TestCodeTests" */;
			buildPhases = (
				316F9D8F2B8C78860096D77E /* Sources */,
				316F9D902B8C78860096D77E /* Frameworks */,
				316F9D912B8C78860096D77E /* Resources */,
			);
			buildRules = (
			);
			dependencies = (
				316F9D952B8C78860096D77E /* PBXTargetDependency */,
			);
			name = SwiftUI_TestCodeTests;
			productName = SwiftUI_TestCodeTests;
			productReference = 316F9D932B8C78860096D77E /* SwiftUI_TestCodeTests.xctest */;
			productType = "com.apple.product-type.bundle.unit-test";
		};
		316F9D9C2B8C78860096D77E /* SwiftUI_TestCodeUITests */ = {
			isa = PBXNativeTarget;
			buildConfigurationList = 316F9DAD2B8C78860096D77E /* Build configuration list for PBXNativeTarget "SwiftUI_TestCodeUITests" */;
			buildPhases = (
				316F9D992B8C78860096D77E /* Sources */,
				316F9D9A2B8C78860096D77E /* Frameworks */,
				316F9D9B2B8C78860096D77E /* Resources */,
			);
			buildRules = (
			);
			dependencies = (
				316F9D9F2B8C78860096D77E /* PBXTargetDependency */,
			);
			name = SwiftUI_TestCodeUITests;
			productName = SwiftUI_TestCodeUITests;
			productReference = 316F9D9D2B8C78860096D77E /* SwiftUI_TestCodeUITests.xctest */;
			productType = "com.apple.product-type.bundle.ui-testing";
		};
/* End PBXNativeTarget section */

/* Begin PBXProject section */
		316F9D762B8C78840096D77E /* Project object */ = {
			isa = PBXProject;
			attributes = {
				BuildIndependentTargetsInParallel = 1;
				LastSwiftUpdateCheck = 1520;
				LastUpgradeCheck = 1520;
				TargetAttributes = {
					316F9D7D2B8C78840096D77E = {
						CreatedOnToolsVersion = 15.2;
					};
					316F9D922B8C78860096D77E = {
						CreatedOnToolsVersion = 15.2;
						TestTargetID = 316F9D7D2B8C78840096D77E;
					};
					316F9D9C2B8C78860096D77E = {
						CreatedOnToolsVersion = 15.2;
						TestTargetID = 316F9D7D2B8C78840096D77E;
					};
				};
			};
			buildConfigurationList = 316F9D792B8C78840096D77E /* Build configuration list for PBXProject "SwiftUI_TestCode" */;
			compatibilityVersion = "Xcode 14.0";
			developmentRegion = en;
			hasScannedForEncodings = 0;
			knownRegions = (
				en,
				Base,
			);
			mainGroup = 316F9D752B8C78840096D77E;
			productRefGroup = 316F9D7F2B8C78840096D77E /* Products */;
			projectDirPath = "";
			projectRoot = "";
			targets = (
				316F9D7D2B8C78840096D77E /* SwiftUI_TestCode */,
				316F9D922B8C78860096D77E /* SwiftUI_TestCodeTests */,
				316F9D9C2B8C78860096D77E /* SwiftUI_TestCodeUITests */,
			);
		};
/* End PBXProject section */

/* Begin PBXResourcesBuildPhase section */
		316F9D7C2B8C78840096D77E /* Resources */ = {
			isa = PBXResourcesBuildPhase;
			buildActionMask = 2147483647;
			files = (
				316F9D892B8C78860096D77E /* Preview Assets.xcassets in Resources */,
				316F9DB82B8CB6630096D77E /* LaunchScreen.storyboard in Resources */,
				316F9D862B8C78860096D77E /* Assets.xcassets in Resources */,
			);
			runOnlyForDeploymentPostprocessing = 0;
		};
		316F9D912B8C78860096D77E /* Resources */ = {
			isa = PBXResourcesBuildPhase;
			buildActionMask = 2147483647;
			files = (
			);
			runOnlyForDeploymentPostprocessing = 0;
		};
		316F9D9B2B8C78860096D77E /* Resources */ = {
			isa = PBXResourcesBuildPhase;
			buildActionMask = 2147483647;
			files = (
			);
			runOnlyForDeploymentPostprocessing = 0;
		};
/* End PBXResourcesBuildPhase section */

/* Begin PBXSourcesBuildPhase section */
		316F9D7A2B8C78840096D77E /* Sources */ = {
			isa = PBXSourcesBuildPhase;
			buildActionMask = 2147483647;
			files = (
				314770B62B8F14BD00938729 /* MemoView.swift in Sources */,
				316F9DCE2B8CD3DA0096D77E /* Color+Ex.swift in Sources */,
				316F9DD82B8CD66C0096D77E /* OnboardingViewModel.swift in Sources */,
				314770B42B8F138F00938729 /* PathType.swift in Sources */,
				314770B22B8F138A00938729 /* Path.swift in Sources */,
				316F9DD62B8CD5DC0096D77E /* OnboardingContent.swift in Sources */,
				316F9D8E2B8C78860096D77E /* SwiftUI_TestCode.xcdatamodeld in Sources */,
				316F9DC12B8CB7080096D77E /* AppDelegate.swift in Sources */,
				316F9D822B8C78840096D77E /* SwiftUI_TestCodeApp.swift in Sources */,
				314770BA2B8F14CC00938729 /* HomeView.swift in Sources */,
				314770B82B8F14C500938729 /* TodoView.swift in Sources */,
				316F9DDA2B8CD8670096D77E /* OnboardingView.swift in Sources */,
			);
			runOnlyForDeploymentPostprocessing = 0;
		};
		316F9D8F2B8C78860096D77E /* Sources */ = {
			isa = PBXSourcesBuildPhase;
			buildActionMask = 2147483647;
			files = (
				316F9D982B8C78860096D77E /* SwiftUI_TestCodeTests.swift in Sources */,
			);
			runOnlyForDeploymentPostprocessing = 0;
		};
		316F9D992B8C78860096D77E /* Sources */ = {
			isa = PBXSourcesBuildPhase;
			buildActionMask = 2147483647;
			files = (
				316F9DA22B8C78860096D77E /* SwiftUI_TestCodeUITests.swift in Sources */,
				316F9DA42B8C78860096D77E /* SwiftUI_TestCodeUITestsLaunchTests.swift in Sources */,
			);
			runOnlyForDeploymentPostprocessing = 0;
		};
/* End PBXSourcesBuildPhase section */

/* Begin PBXTargetDependency section */
		316F9D952B8C78860096D77E /* PBXTargetDependency */ = {
			isa = PBXTargetDependency;
			target = 316F9D7D2B8C78840096D77E /* SwiftUI_TestCode */;
			targetProxy = 316F9D942B8C78860096D77E /* PBXContainerItemProxy */;
		};
		316F9D9F2B8C78860096D77E /* PBXTargetDependency */ = {
			isa = PBXTargetDependency;
			target = 316F9D7D2B8C78840096D77E /* SwiftUI_TestCode */;
			targetProxy = 316F9D9E2B8C78860096D77E /* PBXContainerItemProxy */;
		};
/* End PBXTargetDependency section */

/* Begin XCBuildConfiguration section */
		316F9DA52B8C78860096D77E /* Debug */ = {
			isa = XCBuildConfiguration;
			buildSettings = {
				ALWAYS_SEARCH_USER_PATHS = NO;
				ASSETCATALOG_COMPILER_GENERATE_SWIFT_ASSET_SYMBOL_EXTENSIONS = YES;
				CLANG_ANALYZER_NONNULL = YES;
				CLANG_ANALYZER_NUMBER_OBJECT_CONVERSION = YES_AGGRESSIVE;
				CLANG_CXX_LANGUAGE_STANDARD = "gnu++20";
				CLANG_ENABLE_MODULES = YES;
				CLANG_ENABLE_OBJC_ARC = YES;
				CLANG_ENABLE_OBJC_WEAK = YES;
				CLANG_WARN_BLOCK_CAPTURE_AUTORELEASING = YES;
				CLANG_WARN_BOOL_CONVERSION = YES;
				CLANG_WARN_COMMA = YES;
				CLANG_WARN_CONSTANT_CONVERSION = YES;
				CLANG_WARN_DEPRECATED_OBJC_IMPLEMENTATIONS = YES;
				CLANG_WARN_DIRECT_OBJC_ISA_USAGE = YES_ERROR;
				CLANG_WARN_DOCUMENTATION_COMMENTS = YES;
				CLANG_WARN_EMPTY_BODY = YES;
				CLANG_WARN_ENUM_CONVERSION = YES;
				CLANG_WARN_INFINITE_RECURSION = YES;
				CLANG_WARN_INT_CONVERSION = YES;
				CLANG_WARN_NON_LITERAL_NULL_CONVERSION = YES;
				CLANG_WARN_OBJC_IMPLICIT_RETAIN_SELF = YES;
				CLANG_WARN_OBJC_LITERAL_CONVERSION = YES;
				CLANG_WARN_OBJC_ROOT_CLASS = YES_ERROR;
				CLANG_WARN_QUOTED_INCLUDE_IN_FRAMEWORK_HEADER = YES;
				CLANG_WARN_RANGE_LOOP_ANALYSIS = YES;
				CLANG_WARN_STRICT_PROTOTYPES = YES;
				CLANG_WARN_SUSPICIOUS_MOVE = YES;
				CLANG_WARN_UNGUARDED_AVAILABILITY = YES_AGGRESSIVE;
				CLANG_WARN_UNREACHABLE_CODE = YES;
				CLANG_WARN__DUPLICATE_METHOD_MATCH = YES;
				COPY_PHASE_STRIP = NO;
				DEBUG_INFORMATION_FORMAT = dwarf;
				ENABLE_STRICT_OBJC_MSGSEND = YES;
				ENABLE_TESTABILITY = YES;
				ENABLE_USER_SCRIPT_SANDBOXING = YES;
				GCC_C_LANGUAGE_STANDARD = gnu17;
				GCC_DYNAMIC_NO_PIC = NO;
				GCC_NO_COMMON_BLOCKS = YES;
				GCC_OPTIMIZATION_LEVEL = 0;
				GCC_PREPROCESSOR_DEFINITIONS = (
					"DEBUG=1",
					"$(inherited)",
				);
				GCC_WARN_64_TO_32_BIT_CONVERSION = YES;
				GCC_WARN_ABOUT_RETURN_TYPE = YES_ERROR;
				GCC_WARN_UNDECLARED_SELECTOR = YES;
				GCC_WARN_UNINITIALIZED_AUTOS = YES_AGGRESSIVE;
				GCC_WARN_UNUSED_FUNCTION = YES;
				GCC_WARN_UNUSED_VARIABLE = YES;
				IPHONEOS_DEPLOYMENT_TARGET = 17.2;
				LOCALIZATION_PREFERS_STRING_CATALOGS = YES;
				MTL_ENABLE_DEBUG_INFO = INCLUDE_SOURCE;
				MTL_FAST_MATH = YES;
				ONLY_ACTIVE_ARCH = YES;
				SDKROOT = iphoneos;
				SWIFT_ACTIVE_COMPILATION_CONDITIONS = "DEBUG $(inherited)";
				SWIFT_OPTIMIZATION_LEVEL = "-Onone";
			};
			name = Debug;
		};
		316F9DA62B8C78860096D77E /* Release */ = {
			isa = XCBuildConfiguration;
			buildSettings = {
				ALWAYS_SEARCH_USER_PATHS = NO;
				ASSETCATALOG_COMPILER_GENERATE_SWIFT_ASSET_SYMBOL_EXTENSIONS = YES;
				CLANG_ANALYZER_NONNULL = YES;
				CLANG_ANALYZER_NUMBER_OBJECT_CONVERSION = YES_AGGRESSIVE;
				CLANG_CXX_LANGUAGE_STANDARD = "gnu++20";
				CLANG_ENABLE_MODULES = YES;
				CLANG_ENABLE_OBJC_ARC = YES;
				CLANG_ENABLE_OBJC_WEAK = YES;
				CLANG_WARN_BLOCK_CAPTURE_AUTORELEASING = YES;
				CLANG_WARN_BOOL_CONVERSION = YES;
				CLANG_WARN_COMMA = YES;
				CLANG_WARN_CONSTANT_CONVERSION = YES;
				CLANG_WARN_DEPRECATED_OBJC_IMPLEMENTATIONS = YES;
				CLANG_WARN_DIRECT_OBJC_ISA_USAGE = YES_ERROR;
				CLANG_WARN_DOCUMENTATION_COMMENTS = YES;
				CLANG_WARN_EMPTY_BODY = YES;
				CLANG_WARN_ENUM_CONVERSION = YES;
				CLANG_WARN_INFINITE_RECURSION = YES;
				CLANG_WARN_INT_CONVERSION = YES;
				CLANG_WARN_NON_LITERAL_NULL_CONVERSION = YES;
				CLANG_WARN_OBJC_IMPLICIT_RETAIN_SELF = YES;
				CLANG_WARN_OBJC_LITERAL_CONVERSION = YES;
				CLANG_WARN_OBJC_ROOT_CLASS = YES_ERROR;
				CLANG_WARN_QUOTED_INCLUDE_IN_FRAMEWORK_HEADER = YES;
				CLANG_WARN_RANGE_LOOP_ANALYSIS = YES;
				CLANG_WARN_STRICT_PROTOTYPES = YES;
				CLANG_WARN_SUSPICIOUS_MOVE = YES;
				CLANG_WARN_UNGUARDED_AVAILABILITY = YES_AGGRESSIVE;
				CLANG_WARN_UNREACHABLE_CODE = YES;
				CLANG_WARN__DUPLICATE_METHOD_MATCH = YES;
				COPY_PHASE_STRIP = NO;
				DEBUG_INFORMATION_FORMAT = "dwarf-with-dsym";
				ENABLE_NS_ASSERTIONS = NO;
				ENABLE_STRICT_OBJC_MSGSEND = YES;
				ENABLE_USER_SCRIPT_SANDBOXING = YES;
				GCC_C_LANGUAGE_STANDARD = gnu17;
				GCC_NO_COMMON_BLOCKS = YES;
				GCC_WARN_64_TO_32_BIT_CONVERSION = YES;
				GCC_WARN_ABOUT_RETURN_TYPE = YES_ERROR;
				GCC_WARN_UNDECLARED_SELECTOR = YES;
				GCC_WARN_UNINITIALIZED_AUTOS = YES_AGGRESSIVE;
				GCC_WARN_UNUSED_FUNCTION = YES;
				GCC_WARN_UNUSED_VARIABLE = YES;
				IPHONEOS_DEPLOYMENT_TARGET = 17.2;
				LOCALIZATION_PREFERS_STRING_CATALOGS = YES;
				MTL_ENABLE_DEBUG_INFO = NO;
				MTL_FAST_MATH = YES;
				SDKROOT = iphoneos;
				SWIFT_COMPILATION_MODE = wholemodule;
				VALIDATE_PRODUCT = YES;
			};
			name = Release;
		};
		316F9DA82B8C78860096D77E /* Debug */ = {
			isa = XCBuildConfiguration;
			buildSettings = {
				ASSETCATALOG_COMPILER_APPICON_NAME = AppIcon;
				ASSETCATALOG_COMPILER_GLOBAL_ACCENT_COLOR_NAME = AccentColor;
				CODE_SIGN_STYLE = Automatic;
				CURRENT_PROJECT_VERSION = 1;
				DEVELOPMENT_ASSET_PATHS = "\"SwiftUI_TestCode/Preview Content\"";
				ENABLE_PREVIEWS = YES;
				GENERATE_INFOPLIST_FILE = YES;
				INFOPLIST_KEY_UIApplicationSceneManifest_Generation = YES;
				INFOPLIST_KEY_UIApplicationSupportsIndirectInputEvents = YES;
				INFOPLIST_KEY_UILaunchStoryboardName = LaunchScreen;
				INFOPLIST_KEY_UIStatusBarStyle = UIStatusBarStyleLightContent;
				INFOPLIST_KEY_UISupportedInterfaceOrientations_iPad = "UIInterfaceOrientationPortrait UIInterfaceOrientationPortraitUpsideDown UIInterfaceOrientationLandscapeLeft UIInterfaceOrientationLandscapeRight";
				INFOPLIST_KEY_UISupportedInterfaceOrientations_iPhone = "UIInterfaceOrientationPortrait UIInterfaceOrientationLandscapeLeft UIInterfaceOrientationLandscapeRight";
				IPHONEOS_DEPLOYMENT_TARGET = 16.0;
				LD_RUNPATH_SEARCH_PATHS = (
					"$(inherited)",
					"@executable_path/Frameworks",
				);
				MARKETING_VERSION = 1.0;
				PRODUCT_BUNDLE_IDENTIFIER = "kimsoomin.SwiftUI-TestCode";
				PRODUCT_NAME = "$(TARGET_NAME)";
				SWIFT_EMIT_LOC_STRINGS = YES;
				SWIFT_VERSION = 5.0;
				TARGETED_DEVICE_FAMILY = "1,2";
			};
			name = Debug;
		};
		316F9DA92B8C78860096D77E /* Release */ = {
			isa = XCBuildConfiguration;
			buildSettings = {
				ASSETCATALOG_COMPILER_APPICON_NAME = AppIcon;
				ASSETCATALOG_COMPILER_GLOBAL_ACCENT_COLOR_NAME = AccentColor;
				CODE_SIGN_STYLE = Automatic;
				CURRENT_PROJECT_VERSION = 1;
				DEVELOPMENT_ASSET_PATHS = "\"SwiftUI_TestCode/Preview Content\"";
				ENABLE_PREVIEWS = YES;
				GENERATE_INFOPLIST_FILE = YES;
				INFOPLIST_KEY_UIApplicationSceneManifest_Generation = YES;
				INFOPLIST_KEY_UIApplicationSupportsIndirectInputEvents = YES;
				INFOPLIST_KEY_UILaunchStoryboardName = LaunchScreen;
				INFOPLIST_KEY_UIStatusBarStyle = UIStatusBarStyleLightContent;
				INFOPLIST_KEY_UISupportedInterfaceOrientations_iPad = "UIInterfaceOrientationPortrait UIInterfaceOrientationPortraitUpsideDown UIInterfaceOrientationLandscapeLeft UIInterfaceOrientationLandscapeRight";
				INFOPLIST_KEY_UISupportedInterfaceOrientations_iPhone = "UIInterfaceOrientationPortrait UIInterfaceOrientationLandscapeLeft UIInterfaceOrientationLandscapeRight";
				IPHONEOS_DEPLOYMENT_TARGET = 16.0;
				LD_RUNPATH_SEARCH_PATHS = (
					"$(inherited)",
					"@executable_path/Frameworks",
				);
				MARKETING_VERSION = 1.0;
				PRODUCT_BUNDLE_IDENTIFIER = "kimsoomin.SwiftUI-TestCode";
				PRODUCT_NAME = "$(TARGET_NAME)";
				SWIFT_EMIT_LOC_STRINGS = YES;
				SWIFT_VERSION = 5.0;
				TARGETED_DEVICE_FAMILY = "1,2";
			};
			name = Release;
		};
		316F9DAB2B8C78860096D77E /* Debug */ = {
			isa = XCBuildConfiguration;
			buildSettings = {
				ALWAYS_EMBED_SWIFT_STANDARD_LIBRARIES = YES;
				BUNDLE_LOADER = "$(TEST_HOST)";
				CODE_SIGN_STYLE = Automatic;
				CURRENT_PROJECT_VERSION = 1;
				GENERATE_INFOPLIST_FILE = YES;
				IPHONEOS_DEPLOYMENT_TARGET = 17.2;
				MARKETING_VERSION = 1.0;
				PRODUCT_BUNDLE_IDENTIFIER = "kimsoomin.SwiftUI-TestCodeTests";
				PRODUCT_NAME = "$(TARGET_NAME)";
				SWIFT_EMIT_LOC_STRINGS = NO;
				SWIFT_VERSION = 5.0;
				TARGETED_DEVICE_FAMILY = "1,2";
				TEST_HOST = "$(BUILT_PRODUCTS_DIR)/SwiftUI_TestCode.app/$(BUNDLE_EXECUTABLE_FOLDER_PATH)/SwiftUI_TestCode";
			};
			name = Debug;
		};
		316F9DAC2B8C78860096D77E /* Release */ = {
			isa = XCBuildConfiguration;
			buildSettings = {
				ALWAYS_EMBED_SWIFT_STANDARD_LIBRARIES = YES;
				BUNDLE_LOADER = "$(TEST_HOST)";
				CODE_SIGN_STYLE = Automatic;
				CURRENT_PROJECT_VERSION = 1;
				GENERATE_INFOPLIST_FILE = YES;
				IPHONEOS_DEPLOYMENT_TARGET = 17.2;
				MARKETING_VERSION = 1.0;
				PRODUCT_BUNDLE_IDENTIFIER = "kimsoomin.SwiftUI-TestCodeTests";
				PRODUCT_NAME = "$(TARGET_NAME)";
				SWIFT_EMIT_LOC_STRINGS = NO;
				SWIFT_VERSION = 5.0;
				TARGETED_DEVICE_FAMILY = "1,2";
				TEST_HOST = "$(BUILT_PRODUCTS_DIR)/SwiftUI_TestCode.app/$(BUNDLE_EXECUTABLE_FOLDER_PATH)/SwiftUI_TestCode";
			};
			name = Release;
		};
		316F9DAE2B8C78860096D77E /* Debug */ = {
			isa = XCBuildConfiguration;
			buildSettings = {
				ALWAYS_EMBED_SWIFT_STANDARD_LIBRARIES = YES;
				CODE_SIGN_STYLE = Automatic;
				CURRENT_PROJECT_VERSION = 1;
				GENERATE_INFOPLIST_FILE = YES;
				MARKETING_VERSION = 1.0;
				PRODUCT_BUNDLE_IDENTIFIER = "kimsoomin.SwiftUI-TestCodeUITests";
				PRODUCT_NAME = "$(TARGET_NAME)";
				SWIFT_EMIT_LOC_STRINGS = NO;
				SWIFT_VERSION = 5.0;
				TARGETED_DEVICE_FAMILY = "1,2";
				TEST_TARGET_NAME = SwiftUI_TestCode;
			};
			name = Debug;
		};
		316F9DAF2B8C78860096D77E /* Release */ = {
			isa = XCBuildConfiguration;
			buildSettings = {
				ALWAYS_EMBED_SWIFT_STANDARD_LIBRARIES = YES;
				CODE_SIGN_STYLE = Automatic;
				CURRENT_PROJECT_VERSION = 1;
				GENERATE_INFOPLIST_FILE = YES;
				MARKETING_VERSION = 1.0;
				PRODUCT_BUNDLE_IDENTIFIER = "kimsoomin.SwiftUI-TestCodeUITests";
				PRODUCT_NAME = "$(TARGET_NAME)";
				SWIFT_EMIT_LOC_STRINGS = NO;
				SWIFT_VERSION = 5.0;
				TARGETED_DEVICE_FAMILY = "1,2";
				TEST_TARGET_NAME = SwiftUI_TestCode;
			};
			name = Release;
		};
/* End XCBuildConfiguration section */

/* Begin XCConfigurationList section */
		316F9D792B8C78840096D77E /* Build configuration list for PBXProject "SwiftUI_TestCode" */ = {
			isa = XCConfigurationList;
			buildConfigurations = (
				316F9DA52B8C78860096D77E /* Debug */,
				316F9DA62B8C78860096D77E /* Release */,
			);
			defaultConfigurationIsVisible = 0;
			defaultConfigurationName = Release;
		};
		316F9DA72B8C78860096D77E /* Build configuration list for PBXNativeTarget "SwiftUI_TestCode" */ = {
			isa = XCConfigurationList;
			buildConfigurations = (
				316F9DA82B8C78860096D77E /* Debug */,
				316F9DA92B8C78860096D77E /* Release */,
			);
			defaultConfigurationIsVisible = 0;
			defaultConfigurationName = Release;
		};
		316F9DAA2B8C78860096D77E /* Build configuration list for PBXNativeTarget "SwiftUI_TestCodeTests" */ = {
			isa = XCConfigurationList;
			buildConfigurations = (
				316F9DAB2B8C78860096D77E /* Debug */,
				316F9DAC2B8C78860096D77E /* Release */,
			);
			defaultConfigurationIsVisible = 0;
			defaultConfigurationName = Release;
		};
		316F9DAD2B8C78860096D77E /* Build configuration list for PBXNativeTarget "SwiftUI_TestCodeUITests" */ = {
			isa = XCConfigurationList;
			buildConfigurations = (
				316F9DAE2B8C78860096D77E /* Debug */,
				316F9DAF2B8C78860096D77E /* Release */,
			);
			defaultConfigurationIsVisible = 0;
			defaultConfigurationName = Release;
		};
/* End XCConfigurationList section */

/* Begin XCVersionGroup section */
		316F9D8C2B8C78860096D77E /* SwiftUI_TestCode.xcdatamodeld */ = {
			isa = XCVersionGroup;
			children = (
				316F9D8D2B8C78860096D77E /* SwiftUI_TestCode.xcdatamodel */,
			);
			currentVersion = 316F9D8D2B8C78860096D77E /* SwiftUI_TestCode.xcdatamodel */;
			path = SwiftUI_TestCode.xcdatamodeld;
			sourceTree = "<group>";
			versionGroupType = wrapper.xcdatamodel;
		};
/* End XCVersionGroup section */
	};
	rootObject = 316F9D762B8C78840096D77E /* Project object */;
}
